
Microsoft Visual Studio Solution File, Format Version 12.00
# Visual Studio Version 17
VisualStudioVersion = 17.9.34728.123
MinimumVisualStudioVersion = 10.0.40219.1
Project("{9A19103F-16F7-4668-BE54-9A1E7A4F7556}") = "fc24players", "fc24players\fc24players.csproj", "{51DEDB65-1A70-4153-BA4C-01B26D639670}"
EndProject
Project("{FAE04EC0-301F-11D3-BF4B-00C04F79EFBC}") = "dbUpdate", "dbUpdate\dbUpdate.csproj", "{9050121A-F97C-4276-9D42-516D8200E5FB}"
EndProject
Global
	GlobalSection(SolutionConfigurationPlatforms) = preSolution
		Debug|Any CPU = Debug|Any CPU
		Release|Any CPU = Release|Any CPU
	EndGlobalSection
	GlobalSection(ProjectConfigurationPlatforms) = postSolution
		{51DEDB65-1A70-4153-BA4C-01B26D639670}.Debug|Any CPU.ActiveCfg = Debug|Any CPU
		{51DEDB65-1A70-4153-BA4C-01B26D639670}.Debug|Any CPU.Build.0 = Debug|Any CPU
		{51DEDB65-1A70-4153-BA4C-01B26D639670}.Release|Any CPU.ActiveCfg = Release|Any CPU
		{51DEDB65-1A70-4153-BA4C-01B26D639670}.Release|Any CPU.Build.0 = Release|Any CPU
		{9050121A-F97C-4276-9D42-516D8200E5FB}.Debug|Any CPU.ActiveCfg = Debug|Any CPU
		{9050121A-F97C-4276-9D42-516D8200E5FB}.Debug|Any CPU.Build.0 = Debug|Any CPU
		{9050121A-F97C-4276-9D42-516D8200E5FB}.Release|Any CPU.ActiveCfg = Release|Any CPU
		{9050121A-F97C-4276-9D42-516D8200E5FB}.Release|Any CPU.Build.0 = Release|Any CPU
	EndGlobalSection
	GlobalSection(SolutionProperties) = preSolution
		HideSolutionNode = FALSE
	EndGlobalSection
	GlobalSection(ExtensibilityGlobals) = postSolution
		SolutionGuid = {84ABEC24-B9FD-4ADD-8815-422D102C005C}
	EndGlobalSection
EndGlobal
